
Microsoft Visual Studio Solution File, Format Version 12.00
# Visual Studio Version 16
VisualStudioVersion = 16.0.29025.244
MinimumVisualStudioVersion = 10.0.40219.1
Project("{FAE04EC0-301F-11D3-BF4B-00C04F79EFBC}") = "ExcuseAPI", "ExcuseAPI\ExcuseAPI.csproj", "{72157062-C653-442D-B1D5-0E540D32522F}"
EndProject
Global
	GlobalSection(SolutionConfigurationPlatforms) = preSolution
		Debug|Any CPU = Debug|Any CPU
		Release|Any CPU = Release|Any CPU
	EndGlobalSection
	GlobalSection(ProjectConfigurationPlatforms) = postSolution
		{72157062-C653-442D-B1D5-0E540D32522F}.Debug|Any CPU.ActiveCfg = Debug|Any CPU
		{72157062-C653-442D-B1D5-0E540D32522F}.Debug|Any CPU.Build.0 = Debug|Any CPU
		{72157062-C653-442D-B1D5-0E540D32522F}.Release|Any CPU.ActiveCfg = Release|Any CPU
		{72157062-C653-442D-B1D5-0E540D32522F}.Release|Any CPU.Build.0 = Release|Any CPU
	EndGlobalSection
	GlobalSection(SolutionProperties) = preSolution
		HideSolutionNode = FALSE
	EndGlobalSection
	GlobalSection(ExtensibilityGlobals) = postSolution
		SolutionGuid = {9CF99201-856C-41F3-9B0C-15948CE6FED8}
	EndGlobalSection
EndGlobal
